
Microsoft Visual Studio Solution File, Format Version 12.00
# Visual Studio Version 17
VisualStudioVersion = 17.8.34511.84
MinimumVisualStudioVersion = 10.0.40219.1
Project("{FAE04EC0-301F-11D3-BF4B-00C04F79EFBC}") = "APIprojectBQU", "APIprojectBQU.csproj", "{FB9B2330-E32E-4D97-ABF3-FD6019030DAD}"
EndProject
Global
	GlobalSection(SolutionConfigurationPlatforms) = preSolution
		Debug|Any CPU = Debug|Any CPU
		Release|Any CPU = Release|Any CPU
	EndGlobalSection
	GlobalSection(ProjectConfigurationPlatforms) = postSolution
		{FB9B2330-E32E-4D97-ABF3-FD6019030DAD}.Debug|Any CPU.ActiveCfg = Debug|Any CPU
		{FB9B2330-E32E-4D97-ABF3-FD6019030DAD}.Debug|Any CPU.Build.0 = Debug|Any CPU
		{FB9B2330-E32E-4D97-ABF3-FD6019030DAD}.Release|Any CPU.ActiveCfg = Release|Any CPU
		{FB9B2330-E32E-4D97-ABF3-FD6019030DAD}.Release|Any CPU.Build.0 = Release|Any CPU
	EndGlobalSection
	GlobalSection(SolutionProperties) = preSolution
		HideSolutionNode = FALSE
	EndGlobalSection
	GlobalSection(ExtensibilityGlobals) = postSolution
		SolutionGuid = {597CDE54-AA05-4C4B-9CD7-7A0E6F1ED3AE}
	EndGlobalSection
EndGlobal
